
Microsoft Visual Studio Solution File, Format Version 12.00
# Visual Studio Version 17
VisualStudioVersion = 17.0.32002.185
MinimumVisualStudioVersion = 10.0.40219.1
Project("{8BC9CEB8-8B4A-11D0-8D11-00A0C91BC942}") = "Đếm số lượng xâu nhị phân", "Đếm số lượng xâu nhị phân\Đếm số lượng xâu nhị phân.vcxproj", "{DE07FC3D-3F26-4146-8841-756D1E219BF1}"
EndProject
Project("{8BC9CEB8-8B4A-11D0-8D11-00A0C91BC942}") = "Làm tròn số", "Làm tròn số\Làm tròn số.vcxproj", "{B4D94AAF-CFC8-4080-94B3-29023F1CD545}"
EndProject
Project("{8BC9CEB8-8B4A-11D0-8D11-00A0C91BC942}") = "test", "test\test.vcxproj", "{EE21260B-5653-4897-9924-280BF7552285}"
EndProject
Project("{8BC9CEB8-8B4A-11D0-8D11-00A0C91BC942}") = "Lũy thừa bậc 3", "Lũy thừa bậc 3\Lũy thừa bậc 3.vcxproj", "{98679EFF-BA6A-4AA8-9FD9-1C2DD5A9C7CA}"
EndProject
Project("{8BC9CEB8-8B4A-11D0-8D11-00A0C91BC942}") = "Phân tích thừa số nguyên tố", "Phân tích thừa số nguyên tố\Phân tích thừa số nguyên tố.vcxproj", "{0106C034-C593-442B-8F0D-2195FE26192C}"
EndProject
Project("{8BC9CEB8-8B4A-11D0-8D11-00A0C91BC942}") = "USEQ - Giá trị mang tần suất lẻ", "USEQ - Giá trị mang tần suất lẻ\USEQ - Giá trị mang tần suất lẻ.vcxproj", "{00686F1A-13BE-4921-864B-1A01F70A30EC}"
EndProject
Project("{8BC9CEB8-8B4A-11D0-8D11-00A0C91BC942}") = "HHCN - Hình hộp chữ nhật", "HHCN - Hình hộp chữ nhật\HHCN - Hình hộp chữ nhật.vcxproj", "{424E00A1-8D0E-427D-A3F0-0F81CE7BB05F}"
EndProject
Project("{8BC9CEB8-8B4A-11D0-8D11-00A0C91BC942}") = "PALI - Số Palindrome", "PALI - Số Palindrome\PALI - Số Palindrome.vcxproj", "{6E72B389-09DE-47E2-8DB4-1B091F08295E}"
EndProject
Project("{8BC9CEB8-8B4A-11D0-8D11-00A0C91BC942}") = "PTICH - Phân tích thừa số nguyên tố", "PTICH - Phân tích thừa số nguyên tố\PTICH - Phân tích thừa số nguyên tố.vcxproj", "{9F8AA2C0-6546-4B4A-8AD2-0C82A4BF5778}"
EndProject
Project("{8BC9CEB8-8B4A-11D0-8D11-00A0C91BC942}") = "MK119SNT - Đếm số nguyên tố", "MK119SNT - Đếm số nguyên tố\MK119SNT - Đếm số nguyên tố.vcxproj", "{DC85431D-C615-42F2-B11C-47B20C841E1E}"
EndProject
Project("{8BC9CEB8-8B4A-11D0-8D11-00A0C91BC942}") = "MK119SNT - Đếm số nguyên tố (2)", "MK119SNT - Đếm số nguyên tố (2)\MK119SNT - Đếm số nguyên tố (2).vcxproj", "{5A3162C2-75C7-471F-AFBC-8A603A6F9862}"
EndProject
Project("{8BC9CEB8-8B4A-11D0-8D11-00A0C91BC942}") = "NUMTRANS - Trò chơi ghép số", "NUMTRANS - Trò chơi ghép số\NUMTRANS - Trò chơi ghép số.vcxproj", "{AA7480E0-C474-4189-B5EB-AAF6E48ECD85}"
EndProject
Project("{8BC9CEB8-8B4A-11D0-8D11-00A0C91BC942}") = "TRUEBRACK - Dãy ngoặc đúng", "TRUEBRACK - Dãy ngoặc đúng\TRUEBRACK - Dãy ngoặc đúng.vcxproj", "{86BEB092-D33E-438B-9276-66CA93630A4B}"
EndProject
Project("{8BC9CEB8-8B4A-11D0-8D11-00A0C91BC942}") = "SUMDIG - Tổng các chữ số", "SUMDIG - Tổng các chữ số\SUMDIG - Tổng các chữ số.vcxproj", "{2BFB6B69-674C-4F05-8A0F-67E3A686AE0F}"
EndProject
Project("{8BC9CEB8-8B4A-11D0-8D11-00A0C91BC942}") = "SMARTATM - Máy rút tiền thông minh", "SMARTATM - Máy rút tiền thông minh\SMARTATM - Máy rút tiền thông minh.vcxproj", "{291D6AD8-21D0-4476-954F-E9D8800B2C4A}"
EndProject
Project("{8BC9CEB8-8B4A-11D0-8D11-00A0C91BC942}") = "CQUA - Chia quà", "CQUA - Chia quà\CQUA - Chia quà.vcxproj", "{A215C55D-53D0-48E9-B7DB-76CF0A4DA57A}"
EndProject
Project("{8BC9CEB8-8B4A-11D0-8D11-00A0C91BC942}") = "ITPTIT - Sửa đèn", "ITPTIT - Sửa đèn\ITPTIT - Sửa đèn.vcxproj", "{4CCC744C-C209-4202-9055-672E42B00EB3}"
EndProject
Project("{8BC9CEB8-8B4A-11D0-8D11-00A0C91BC942}") = "ALARM - Đồng hồ báo thức", "ALARM - Đồng hồ báo thức\ALARM - Đồng hồ báo thức.vcxproj", "{7F1063F3-6020-48E8-A1F6-87D623E235BA}"
EndProject
Project("{8BC9CEB8-8B4A-11D0-8D11-00A0C91BC942}") = "AGAR - Agar.io", "AGAR - Agar.io\AGAR - Agar.io.vcxproj", "{B1A8CAC0-1FCA-4645-8FA1-691D20BAC258}"
EndProject
Project("{8BC9CEB8-8B4A-11D0-8D11-00A0C91BC942}") = "SEG - Chia đoạn", "SEG - Chia đoạn\SEG - Chia đoạn.vcxproj", "{8431E649-A615-44FA-B2E3-390DFE005102}"
EndProject
Project("{8BC9CEB8-8B4A-11D0-8D11-00A0C91BC942}") = "MAGPERM - Hoán vị thần kì", "MAGPERM - Hoán vị thần kì\MAGPERM - Hoán vị thần kì.vcxproj", "{8E9A9F3F-0BAA-4F38-80B0-1B0D276B2A69}"
EndProject
Project("{8BC9CEB8-8B4A-11D0-8D11-00A0C91BC942}") = "GAGI - Gấp giấy", "GAGI - Gấp giấy\GAGI - Gấp giấy.vcxproj", "{1EACB5B4-10B0-422C-BEC5-7220F05557ED}"
EndProject
Project("{8BC9CEB8-8B4A-11D0-8D11-00A0C91BC942}") = "ITPTIT - Tặng hoa", "ITPTIT - Tặng hoa\ITPTIT - Tặng hoa.vcxproj", "{CE31DC13-E4E5-42C5-9AC0-0BDDE580BB1D}"
EndProject
Project("{8BC9CEB8-8B4A-11D0-8D11-00A0C91BC942}") = "CHOSO - Chọn số bằng nhau", "CHOSO - Chọn số bằng nhau\CHOSO - Chọn số bằng nhau.vcxproj", "{1764B4B5-4A46-4D01-BC88-D3F1699AA5D4}"
EndProject
Project("{8BC9CEB8-8B4A-11D0-8D11-00A0C91BC942}") = "TT - TIENTE", "TT - TIENTE\TT - TIENTE.vcxproj", "{7DD46191-9F99-408F-AF27-014C39025AC7}"
EndProject
Project("{8BC9CEB8-8B4A-11D0-8D11-00A0C91BC942}") = "CATU - Cái túi", "CATU - Cái túi\CATU - Cái túi.vcxproj", "{574464D4-5E7A-4CE3-8742-EE144A5A3457}"
EndProject
Project("{8BC9CEB8-8B4A-11D0-8D11-00A0C91BC942}") = "XOSO - Xóa số (OLPCĐ 2012)", "XOSO - Xóa số (OLPCĐ 2012)\XOSO - Xóa số (OLPCĐ 2012).vcxproj", "{A3AF5917-8B49-4B35-9DD8-907AB83BB22A}"
EndProject
Project("{8BC9CEB8-8B4A-11D0-8D11-00A0C91BC942}") = "MULTI - Dấu trong đoạn", "MULTI - Dấu trong đoạn\MULTI - Dấu trong đoạn.vcxproj", "{84666AB3-13C3-4726-BB3A-175F272D6A96}"
EndProject
Project("{8BC9CEB8-8B4A-11D0-8D11-00A0C91BC942}") = "BINAS - Liệt kê chuỗi nhị phân", "BINAS - Liệt kê chuỗi nhị phân\BINAS - Liệt kê chuỗi nhị phân.vcxproj", "{2069410A-FA47-4A04-A531-023AE9A626F9}"
EndProject
Project("{8BC9CEB8-8B4A-11D0-8D11-00A0C91BC942}") = "KUMA - Khuyến mãi (OLPCĐ 2012)", "KUMA - Khuyến mãi (OLPCĐ 2012)\KUMA - Khuyến mãi (OLPCĐ 2012).vcxproj", "{B30503E0-A967-4581-809B-DDA8057DC9C2}"
EndProject
Project("{8BC9CEB8-8B4A-11D0-8D11-00A0C91BC942}") = "PERMS2 - Liệt kê hoán vị từ", "PERMS2 - Liệt kê hoán vị từ\PERMS2 - Liệt kê hoán vị từ.vcxproj", "{7CD648F5-29D5-4A22-B6B3-B7547411FC3B}"
EndProject
Project("{8BC9CEB8-8B4A-11D0-8D11-00A0C91BC942}") = "MERGENUM - Ghép số", "MERGENUM - Ghép số\MERGENUM - Ghép số.vcxproj", "{78D74887-1885-4E42-AB42-A06E9BEB0240}"
EndProject
Project("{8BC9CEB8-8B4A-11D0-8D11-00A0C91BC942}") = "ARRAYM - Tăng đầu giảm cuối", "ARRAYM - Tăng đầu giảm cuối\ARRAYM - Tăng đầu giảm cuối.vcxproj", "{6A9C48DF-EE70-4A55-A46C-A823637549C1}"
EndProject
Project("{8BC9CEB8-8B4A-11D0-8D11-00A0C91BC942}") = "CHUSO2 - Tìm chữ số", "CHUSO2 - Tìm chữ số\CHUSO2 - Tìm chữ số.vcxproj", "{D233FDD6-DEFF-465F-A5F7-3E45E22BF329}"
EndProject
Project("{8BC9CEB8-8B4A-11D0-8D11-00A0C91BC942}") = "LKNGOAC - Liệt kê cặp dấu ngoặc", "LKNGOAC - Liệt kê cặp dấu ngoặc\LKNGOAC - Liệt kê cặp dấu ngoặc.vcxproj", "{66886585-7EB9-4C89-B868-8B072DF70202}"
EndProject
Project("{8BC9CEB8-8B4A-11D0-8D11-00A0C91BC942}") = "DOANP2 - Chiều dài phủ", "DOANP2 - Chiều dài phủ\DOANP2 - Chiều dài phủ.vcxproj", "{DEE0A7AA-BB00-4AB7-90F5-2618E850FA81}"
EndProject
Project("{8BC9CEB8-8B4A-11D0-8D11-00A0C91BC942}") = "PRBOOK - SÁCH CŨ", "PRBOOK - SÁCH CŨ\PRBOOK - SÁCH CŨ.vcxproj", "{F5C9CE20-C5DA-433A-B577-D6F1CE83F44C}"
EndProject
Project("{8BC9CEB8-8B4A-11D0-8D11-00A0C91BC942}") = "EraseChar - Xóa kí tự", "EraseChar - Xóa kí tự\EraseChar - Xóa kí tự.vcxproj", "{AFDDF05F-5234-4925-8899-BA7ED6FDAE28}"
EndProject
Project("{8BC9CEB8-8B4A-11D0-8D11-00A0C91BC942}") = "HISO - Hiệu số", "HISO - Hiệu số\HISO - Hiệu số.vcxproj", "{1E932C0F-4F97-4AE5-8CA5-ED9EEE368CB1}"
EndProject
Project("{8BC9CEB8-8B4A-11D0-8D11-00A0C91BC942}") = "GREHAITV - HAI CÁI TIVI", "GREHAITV - HAI CÁI TIVI\GREHAITV - HAI CÁI TIVI.vcxproj", "{CA57CE1E-8CD0-45F9-950B-29FEAC86D248}"
EndProject
Project("{8BC9CEB8-8B4A-11D0-8D11-00A0C91BC942}") = "KNARY - Liệt kê chuỗi k-phân", "KNARY - Liệt kê chuỗi k-phân\KNARY - Liệt kê chuỗi k-phân.vcxproj", "{7ADA8FDC-38B0-41F4-BA88-1C79C8C9CDCB}"
EndProject
Project("{8BC9CEB8-8B4A-11D0-8D11-00A0C91BC942}") = "NNCWD - CaiWinDao và 3 em gái (phần 3)", "NNCWD - CaiWinDao và 3 em gái (phần 3)\NNCWD - CaiWinDao và 3 em gái (phần 3).vcxproj", "{C163D28E-C975-4BA3-B202-E27AE0A332CA}"
EndProject
Project("{8BC9CEB8-8B4A-11D0-8D11-00A0C91BC942}") = "GREKNIGHT - CÁC HIỆP SĨ", "GREKNIGHT - CÁC HIỆP SĨ\GREKNIGHT - CÁC HIỆP SĨ.vcxproj", "{D2792A98-3684-4D4E-B515-1E63AB05D1C9}"
EndProject
Project("{8BC9CEB8-8B4A-11D0-8D11-00A0C91BC942}") = "Gian - An", "Gian - An\Gian - An.vcxproj", "{0E13A235-269E-4FA4-83E0-B82C37B99178}"
EndProject
Project("{8BC9CEB8-8B4A-11D0-8D11-00A0C91BC942}") = "Olympic Sinh Viên 2019 - Không chuyên - Cột bò", "Olympic Sinh Viên 2019 - Không chuyên - Cột bò\Olympic Sinh Viên 2019 - Không chuyên - Cột bò.vcxproj", "{84B04686-7B40-4139-8947-FD9026CF508A}"
EndProject
Project("{8BC9CEB8-8B4A-11D0-8D11-00A0C91BC942}") = "Xauduynhat - Xâu duy nhất", "Xauduynhat - Xâu duy nhất\Xauduynhat - Xâu duy nhất.vcxproj", "{462C7A9A-DBBF-40EE-8C3E-607E4B6C4585}"
EndProject
Project("{8BC9CEB8-8B4A-11D0-8D11-00A0C91BC942}") = "VUONG - Hình vuông (Tin học trẻ B)", "VUONG - Hình vuông (Tin học trẻ B)\VUONG - Hình vuông (Tin học trẻ B).vcxproj", "{13414EEE-F644-46F2-A640-836A9AA8C6BF}"
EndProject
Project("{8BC9CEB8-8B4A-11D0-8D11-00A0C91BC942}") = "DEMKYTU - Đếm ký tự (HSG9 19)", "DEMKYTU - Đếm ký tự (HSG9 19)\DEMKYTU - Đếm ký tự (HSG9 19).vcxproj", "{B2F02CCB-5268-4230-878C-C492C0671436}"
EndProject
Project("{8BC9CEB8-8B4A-11D0-8D11-00A0C91BC942}") = "CATBIA - Cắt bìa (HSG9 19)", "CATBIA - Cắt bìa (HSG9 19)\CATBIA - Cắt bìa (HSG9 19).vcxproj", "{612C974D-CA42-4D6D-A3AC-7474501C846C}"
EndProject
Project("{8BC9CEB8-8B4A-11D0-8D11-00A0C91BC942}") = "BOSOTG - Bộ số tam giác", "BOSOTG - Bộ số tam giác\BOSOTG - Bộ số tam giác.vcxproj", "{77B9028A-01AA-402F-97F2-140AB3AE8509}"
EndProject
Project("{8BC9CEB8-8B4A-11D0-8D11-00A0C91BC942}") = "THUONG - Tìm phần thưởng (HSG9 19)", "THUONG - Tìm phần thưởng (HSG9 19)\THUONG - Tìm phần thưởng (HSG9 19).vcxproj", "{59A823EE-C1B1-4250-8223-8560587F7FB4}"
EndProject
Project("{8BC9CEB8-8B4A-11D0-8D11-00A0C91BC942}") = "COVER - Mái che", "COVER - Mái che\COVER - Mái che.vcxproj", "{95039B45-E572-487A-9A51-47BEE10AEAF6}"
EndProject
Project("{8BC9CEB8-8B4A-11D0-8D11-00A0C91BC942}") = "SNAIL - Con ốc sên", "SNAIL - Con ốc sên\SNAIL - Con ốc sên.vcxproj", "{38D6EC2F-968D-4E29-AA7E-08CC7322885F}"
EndProject
Project("{8BC9CEB8-8B4A-11D0-8D11-00A0C91BC942}") = "Bedao Mini Contest 12 - MUSCULAR", "Bedao Mini Contest 12 - MUSCULAR\Bedao Mini Contest 12 - MUSCULAR.vcxproj", "{B43AB742-9CF6-4C33-BF99-0E9376AF4ACD}"
EndProject
Project("{8BC9CEB8-8B4A-11D0-8D11-00A0C91BC942}") = "Free Contest 142 - KNIGHT", "Free Contest 142 - KNIGHT\Free Contest 142 - KNIGHT.vcxproj", "{F55E21E8-F457-4547-82D2-FD9443F3ABAE}"
EndProject
Project("{8BC9CEB8-8B4A-11D0-8D11-00A0C91BC942}") = "Tin học trẻ 2021 - Vòng sơ khảo - Bảng C - Xếp gạch", "Tin học trẻ 2021 - Vòng sơ khảo - Bảng C - Xếp gạch\Tin học trẻ 2021 - Vòng sơ khảo - Bảng C - Xếp gạch.vcxproj", "{2205E9A7-F475-4E78-B388-1EC00A2CDD3F}"
EndProject
Project("{8BC9CEB8-8B4A-11D0-8D11-00A0C91BC942}") = "Dãy con", "Dãy con\Dãy con.vcxproj", "{D8259BFB-F03A-4175-9F05-DEB09CAF60F2}"
EndProject
Project("{8BC9CEB8-8B4A-11D0-8D11-00A0C91BC942}") = "DCTDN1 - Dãy con tăng dài nhất (bản dễ)", "DCTDN1 - Dãy con tăng dài nhất (bản dễ)\DCTDN1 - Dãy con tăng dài nhất (bản dễ).vcxproj", "{BE8476D8-732C-4DDD-AF60-83E81B249E09}"
EndProject
Project("{8BC9CEB8-8B4A-11D0-8D11-00A0C91BC942}") = "riverCrossing", "riverCrossing\riverCrossing.vcxproj", "{1D108A17-BACB-45AB-9EE4-678447A1423F}"
EndProject
Project("{8BC9CEB8-8B4A-11D0-8D11-00A0C91BC942}") = "PHATKEO2 - Phát Kẹo 2", "PHATKEO2 - Phát Kẹo 2\PHATKEO2 - Phát Kẹo 2.vcxproj", "{D000E25B-F901-4F4B-8F0D-DC00718D91AC}"
EndProject
Global
	GlobalSection(SolutionConfigurationPlatforms) = preSolution
		Debug|x64 = Debug|x64
		Debug|x86 = Debug|x86
		Release|x64 = Release|x64
		Release|x86 = Release|x86
	EndGlobalSection
	GlobalSection(ProjectConfigurationPlatforms) = postSolution
		{DE07FC3D-3F26-4146-8841-756D1E219BF1}.Debug|x64.ActiveCfg = Debug|x64
		{DE07FC3D-3F26-4146-8841-756D1E219BF1}.Debug|x64.Build.0 = Debug|x64
		{DE07FC3D-3F26-4146-8841-756D1E219BF1}.Debug|x86.ActiveCfg = Debug|Win32
		{DE07FC3D-3F26-4146-8841-756D1E219BF1}.Debug|x86.Build.0 = Debug|Win32
		{DE07FC3D-3F26-4146-8841-756D1E219BF1}.Release|x64.ActiveCfg = Release|x64
		{DE07FC3D-3F26-4146-8841-756D1E219BF1}.Release|x64.Build.0 = Release|x64
		{DE07FC3D-3F26-4146-8841-756D1E219BF1}.Release|x86.ActiveCfg = Release|Win32
		{DE07FC3D-3F26-4146-8841-756D1E219BF1}.Release|x86.Build.0 = Release|Win32
		{B4D94AAF-CFC8-4080-94B3-29023F1CD545}.Debug|x64.ActiveCfg = Debug|x64
		{B4D94AAF-CFC8-4080-94B3-29023F1CD545}.Debug|x64.Build.0 = Debug|x64
		{B4D94AAF-CFC8-4080-94B3-29023F1CD545}.Debug|x86.ActiveCfg = Debug|Win32
		{B4D94AAF-CFC8-4080-94B3-29023F1CD545}.Debug|x86.Build.0 = Debug|Win32
		{B4D94AAF-CFC8-4080-94B3-29023F1CD545}.Release|x64.ActiveCfg = Release|x64
		{B4D94AAF-CFC8-4080-94B3-29023F1CD545}.Release|x64.Build.0 = Release|x64
		{B4D94AAF-CFC8-4080-94B3-29023F1CD545}.Release|x86.ActiveCfg = Release|Win32
		{B4D94AAF-CFC8-4080-94B3-29023F1CD545}.Release|x86.Build.0 = Release|Win32
		{EE21260B-5653-4897-9924-280BF7552285}.Debug|x64.ActiveCfg = Debug|x64
		{EE21260B-5653-4897-9924-280BF7552285}.Debug|x64.Build.0 = Debug|x64
		{EE21260B-5653-4897-9924-280BF7552285}.Debug|x86.ActiveCfg = Debug|Win32
		{EE21260B-5653-4897-9924-280BF7552285}.Debug|x86.Build.0 = Debug|Win32
		{EE21260B-5653-4897-9924-280BF7552285}.Release|x64.ActiveCfg = Release|x64
		{EE21260B-5653-4897-9924-280BF7552285}.Release|x64.Build.0 = Release|x64
		{EE21260B-5653-4897-9924-280BF7552285}.Release|x86.ActiveCfg = Release|Win32
		{EE21260B-5653-4897-9924-280BF7552285}.Release|x86.Build.0 = Release|Win32
		{98679EFF-BA6A-4AA8-9FD9-1C2DD5A9C7CA}.Debug|x64.ActiveCfg = Debug|x64
		{98679EFF-BA6A-4AA8-9FD9-1C2DD5A9C7CA}.Debug|x64.Build.0 = Debug|x64
		{98679EFF-BA6A-4AA8-9FD9-1C2DD5A9C7CA}.Debug|x86.ActiveCfg = Debug|Win32
		{98679EFF-BA6A-4AA8-9FD9-1C2DD5A9C7CA}.Debug|x86.Build.0 = Debug|Win32
		{98679EFF-BA6A-4AA8-9FD9-1C2DD5A9C7CA}.Release|x64.ActiveCfg = Release|x64
		{98679EFF-BA6A-4AA8-9FD9-1C2DD5A9C7CA}.Release|x64.Build.0 = Release|x64
		{98679EFF-BA6A-4AA8-9FD9-1C2DD5A9C7CA}.Release|x86.ActiveCfg = Release|Win32
		{98679EFF-BA6A-4AA8-9FD9-1C2DD5A9C7CA}.Release|x86.Build.0 = Release|Win32
		{0106C034-C593-442B-8F0D-2195FE26192C}.Debug|x64.ActiveCfg = Debug|x64
		{0106C034-C593-442B-8F0D-2195FE26192C}.Debug|x64.Build.0 = Debug|x64
		{0106C034-C593-442B-8F0D-2195FE26192C}.Debug|x86.ActiveCfg = Debug|Win32
		{0106C034-C593-442B-8F0D-2195FE26192C}.Debug|x86.Build.0 = Debug|Win32
		{0106C034-C593-442B-8F0D-2195FE26192C}.Release|x64.ActiveCfg = Release|x64
		{0106C034-C593-442B-8F0D-2195FE26192C}.Release|x64.Build.0 = Release|x64
		{0106C034-C593-442B-8F0D-2195FE26192C}.Release|x86.ActiveCfg = Release|Win32
		{0106C034-C593-442B-8F0D-2195FE26192C}.Release|x86.Build.0 = Release|Win32
		{00686F1A-13BE-4921-864B-1A01F70A30EC}.Debug|x64.ActiveCfg = Debug|x64
		{00686F1A-13BE-4921-864B-1A01F70A30EC}.Debug|x64.Build.0 = Debug|x64
		{00686F1A-13BE-4921-864B-1A01F70A30EC}.Debug|x86.ActiveCfg = Debug|Win32
		{00686F1A-13BE-4921-864B-1A01F70A30EC}.Debug|x86.Build.0 = Debug|Win32
		{00686F1A-13BE-4921-864B-1A01F70A30EC}.Release|x64.ActiveCfg = Release|x64
		{00686F1A-13BE-4921-864B-1A01F70A30EC}.Release|x64.Build.0 = Release|x64
		{00686F1A-13BE-4921-864B-1A01F70A30EC}.Release|x86.ActiveCfg = Release|Win32
		{00686F1A-13BE-4921-864B-1A01F70A30EC}.Release|x86.Build.0 = Release|Win32
		{424E00A1-8D0E-427D-A3F0-0F81CE7BB05F}.Debug|x64.ActiveCfg = Debug|x64
		{424E00A1-8D0E-427D-A3F0-0F81CE7BB05F}.Debug|x64.Build.0 = Debug|x64
		{424E00A1-8D0E-427D-A3F0-0F81CE7BB05F}.Debug|x86.ActiveCfg = Debug|Win32
		{424E00A1-8D0E-427D-A3F0-0F81CE7BB05F}.Debug|x86.Build.0 = Debug|Win32
		{424E00A1-8D0E-427D-A3F0-0F81CE7BB05F}.Release|x64.ActiveCfg = Release|x64
		{424E00A1-8D0E-427D-A3F0-0F81CE7BB05F}.Release|x64.Build.0 = Release|x64
		{424E00A1-8D0E-427D-A3F0-0F81CE7BB05F}.Release|x86.ActiveCfg = Release|Win32
		{424E00A1-8D0E-427D-A3F0-0F81CE7BB05F}.Release|x86.Build.0 = Release|Win32
		{6E72B389-09DE-47E2-8DB4-1B091F08295E}.Debug|x64.ActiveCfg = Debug|x64
		{6E72B389-09DE-47E2-8DB4-1B091F08295E}.Debug|x64.Build.0 = Debug|x64
		{6E72B389-09DE-47E2-8DB4-1B091F08295E}.Debug|x86.ActiveCfg = Debug|Win32
		{6E72B389-09DE-47E2-8DB4-1B091F08295E}.Debug|x86.Build.0 = Debug|Win32
		{6E72B389-09DE-47E2-8DB4-1B091F08295E}.Release|x64.ActiveCfg = Release|x64
		{6E72B389-09DE-47E2-8DB4-1B091F08295E}.Release|x64.Build.0 = Release|x64
		{6E72B389-09DE-47E2-8DB4-1B091F08295E}.Release|x86.ActiveCfg = Release|Win32
		{6E72B389-09DE-47E2-8DB4-1B091F08295E}.Release|x86.Build.0 = Release|Win32
		{9F8AA2C0-6546-4B4A-8AD2-0C82A4BF5778}.Debug|x64.ActiveCfg = Debug|x64
		{9F8AA2C0-6546-4B4A-8AD2-0C82A4BF5778}.Debug|x64.Build.0 = Debug|x64
		{9F8AA2C0-6546-4B4A-8AD2-0C82A4BF5778}.Debug|x86.ActiveCfg = Debug|Win32
		{9F8AA2C0-6546-4B4A-8AD2-0C82A4BF5778}.Debug|x86.Build.0 = Debug|Win32
		{9F8AA2C0-6546-4B4A-8AD2-0C82A4BF5778}.Release|x64.ActiveCfg = Release|x64
		{9F8AA2C0-6546-4B4A-8AD2-0C82A4BF5778}.Release|x64.Build.0 = Release|x64
		{9F8AA2C0-6546-4B4A-8AD2-0C82A4BF5778}.Release|x86.ActiveCfg = Release|Win32
		{9F8AA2C0-6546-4B4A-8AD2-0C82A4BF5778}.Release|x86.Build.0 = Release|Win32
		{DC85431D-C615-42F2-B11C-47B20C841E1E}.Debug|x64.ActiveCfg = Debug|x64
		{DC85431D-C615-42F2-B11C-47B20C841E1E}.Debug|x64.Build.0 = Debug|x64
		{DC85431D-C615-42F2-B11C-47B20C841E1E}.Debug|x86.ActiveCfg = Debug|Win32
		{DC85431D-C615-42F2-B11C-47B20C841E1E}.Debug|x86.Build.0 = Debug|Win32
		{DC85431D-C615-42F2-B11C-47B20C841E1E}.Release|x64.ActiveCfg = Release|x64
		{DC85431D-C615-42F2-B11C-47B20C841E1E}.Release|x64.Build.0 = Release|x64
		{DC85431D-C615-42F2-B11C-47B20C841E1E}.Release|x86.ActiveCfg = Release|Win32
		{DC85431D-C615-42F2-B11C-47B20C841E1E}.Release|x86.Build.0 = Release|Win32
		{5A3162C2-75C7-471F-AFBC-8A603A6F9862}.Debug|x64.ActiveCfg = Debug|x64
		{5A3162C2-75C7-471F-AFBC-8A603A6F9862}.Debug|x64.Build.0 = Debug|x64
		{5A3162C2-75C7-471F-AFBC-8A603A6F9862}.Debug|x86.ActiveCfg = Debug|Win32
		{5A3162C2-75C7-471F-AFBC-8A603A6F9862}.Debug|x86.Build.0 = Debug|Win32
		{5A3162C2-75C7-471F-AFBC-8A603A6F9862}.Release|x64.ActiveCfg = Release|x64
		{5A3162C2-75C7-471F-AFBC-8A603A6F9862}.Release|x64.Build.0 = Release|x64
		{5A3162C2-75C7-471F-AFBC-8A603A6F9862}.Release|x86.ActiveCfg = Release|Win32
		{5A3162C2-75C7-471F-AFBC-8A603A6F9862}.Release|x86.Build.0 = Release|Win32
		{AA7480E0-C474-4189-B5EB-AAF6E48ECD85}.Debug|x64.ActiveCfg = Debug|x64
		{AA7480E0-C474-4189-B5EB-AAF6E48ECD85}.Debug|x64.Build.0 = Debug|x64
		{AA7480E0-C474-4189-B5EB-AAF6E48ECD85}.Debug|x86.ActiveCfg = Debug|Win32
		{AA7480E0-C474-4189-B5EB-AAF6E48ECD85}.Debug|x86.Build.0 = Debug|Win32
		{AA7480E0-C474-4189-B5EB-AAF6E48ECD85}.Release|x64.ActiveCfg = Release|x64
		{AA7480E0-C474-4189-B5EB-AAF6E48ECD85}.Release|x64.Build.0 = Release|x64
		{AA7480E0-C474-4189-B5EB-AAF6E48ECD85}.Release|x86.ActiveCfg = Release|Win32
		{AA7480E0-C474-4189-B5EB-AAF6E48ECD85}.Release|x86.Build.0 = Release|Win32
		{86BEB092-D33E-438B-9276-66CA93630A4B}.Debug|x64.ActiveCfg = Debug|x64
		{86BEB092-D33E-438B-9276-66CA93630A4B}.Debug|x64.Build.0 = Debug|x64
		{86BEB092-D33E-438B-9276-66CA93630A4B}.Debug|x86.ActiveCfg = Debug|Win32
		{86BEB092-D33E-438B-9276-66CA93630A4B}.Debug|x86.Build.0 = Debug|Win32
		{86BEB092-D33E-438B-9276-66CA93630A4B}.Release|x64.ActiveCfg = Release|x64
		{86BEB092-D33E-438B-9276-66CA93630A4B}.Release|x64.Build.0 = Release|x64
		{86BEB092-D33E-438B-9276-66CA93630A4B}.Release|x86.ActiveCfg = Release|Win32
		{86BEB092-D33E-438B-9276-66CA93630A4B}.Release|x86.Build.0 = Release|Win32
		{2BFB6B69-674C-4F05-8A0F-67E3A686AE0F}.Debug|x64.ActiveCfg = Debug|x64
		{2BFB6B69-674C-4F05-8A0F-67E3A686AE0F}.Debug|x64.Build.0 = Debug|x64
		{2BFB6B69-674C-4F05-8A0F-67E3A686AE0F}.Debug|x86.ActiveCfg = Debug|Win32
		{2BFB6B69-674C-4F05-8A0F-67E3A686AE0F}.Debug|x86.Build.0 = Debug|Win32
		{2BFB6B69-674C-4F05-8A0F-67E3A686AE0F}.Release|x64.ActiveCfg = Release|x64
		{2BFB6B69-674C-4F05-8A0F-67E3A686AE0F}.Release|x64.Build.0 = Release|x64
		{2BFB6B69-674C-4F05-8A0F-67E3A686AE0F}.Release|x86.ActiveCfg = Release|Win32
		{2BFB6B69-674C-4F05-8A0F-67E3A686AE0F}.Release|x86.Build.0 = Release|Win32
		{291D6AD8-21D0-4476-954F-E9D8800B2C4A}.Debug|x64.ActiveCfg = Debug|x64
		{291D6AD8-21D0-4476-954F-E9D8800B2C4A}.Debug|x64.Build.0 = Debug|x64
		{291D6AD8-21D0-4476-954F-E9D8800B2C4A}.Debug|x86.ActiveCfg = Debug|Win32
		{291D6AD8-21D0-4476-954F-E9D8800B2C4A}.Debug|x86.Build.0 = Debug|Win32
		{291D6AD8-21D0-4476-954F-E9D8800B2C4A}.Release|x64.ActiveCfg = Release|x64
		{291D6AD8-21D0-4476-954F-E9D8800B2C4A}.Release|x64.Build.0 = Release|x64
		{291D6AD8-21D0-4476-954F-E9D8800B2C4A}.Release|x86.ActiveCfg = Release|Win32
		{291D6AD8-21D0-4476-954F-E9D8800B2C4A}.Release|x86.Build.0 = Release|Win32
		{A215C55D-53D0-48E9-B7DB-76CF0A4DA57A}.Debug|x64.ActiveCfg = Debug|x64
		{A215C55D-53D0-48E9-B7DB-76CF0A4DA57A}.Debug|x64.Build.0 = Debug|x64
		{A215C55D-53D0-48E9-B7DB-76CF0A4DA57A}.Debug|x86.ActiveCfg = Debug|Win32
		{A215C55D-53D0-48E9-B7DB-76CF0A4DA57A}.Debug|x86.Build.0 = Debug|Win32
		{A215C55D-53D0-48E9-B7DB-76CF0A4DA57A}.Release|x64.ActiveCfg = Release|x64
		{A215C55D-53D0-48E9-B7DB-76CF0A4DA57A}.Release|x64.Build.0 = Release|x64
		{A215C55D-53D0-48E9-B7DB-76CF0A4DA57A}.Release|x86.ActiveCfg = Release|Win32
		{A215C55D-53D0-48E9-B7DB-76CF0A4DA57A}.Release|x86.Build.0 = Release|Win32
		{4CCC744C-C209-4202-9055-672E42B00EB3}.Debug|x64.ActiveCfg = Debug|x64
		{4CCC744C-C209-4202-9055-672E42B00EB3}.Debug|x64.Build.0 = Debug|x64
		{4CCC744C-C209-4202-9055-672E42B00EB3}.Debug|x86.ActiveCfg = Debug|Win32
		{4CCC744C-C209-4202-9055-672E42B00EB3}.Debug|x86.Build.0 = Debug|Win32
		{4CCC744C-C209-4202-9055-672E42B00EB3}.Release|x64.ActiveCfg = Release|x64
		{4CCC744C-C209-4202-9055-672E42B00EB3}.Release|x64.Build.0 = Release|x64
		{4CCC744C-C209-4202-9055-672E42B00EB3}.Release|x86.ActiveCfg = Release|Win32
		{4CCC744C-C209-4202-9055-672E42B00EB3}.Release|x86.Build.0 = Release|Win32
		{7F1063F3-6020-48E8-A1F6-87D623E235BA}.Debug|x64.ActiveCfg = Debug|x64
		{7F1063F3-6020-48E8-A1F6-87D623E235BA}.Debug|x64.Build.0 = Debug|x64
		{7F1063F3-6020-48E8-A1F6-87D623E235BA}.Debug|x86.ActiveCfg = Debug|Win32
		{7F1063F3-6020-48E8-A1F6-87D623E235BA}.Debug|x86.Build.0 = Debug|Win32
		{7F1063F3-6020-48E8-A1F6-87D623E235BA}.Release|x64.ActiveCfg = Release|x64
		{7F1063F3-6020-48E8-A1F6-87D623E235BA}.Release|x64.Build.0 = Release|x64
		{7F1063F3-6020-48E8-A1F6-87D623E235BA}.Release|x86.ActiveCfg = Release|Win32
		{7F1063F3-6020-48E8-A1F6-87D623E235BA}.Release|x86.Build.0 = Release|Win32
		{B1A8CAC0-1FCA-4645-8FA1-691D20BAC258}.Debug|x64.ActiveCfg = Debug|x64
		{B1A8CAC0-1FCA-4645-8FA1-691D20BAC258}.Debug|x64.Build.0 = Debug|x64
		{B1A8CAC0-1FCA-4645-8FA1-691D20BAC258}.Debug|x86.ActiveCfg = Debug|Win32
		{B1A8CAC0-1FCA-4645-8FA1-691D20BAC258}.Debug|x86.Build.0 = Debug|Win32
		{B1A8CAC0-1FCA-4645-8FA1-691D20BAC258}.Release|x64.ActiveCfg = Release|x64
		{B1A8CAC0-1FCA-4645-8FA1-691D20BAC258}.Release|x64.Build.0 = Release|x64
		{B1A8CAC0-1FCA-4645-8FA1-691D20BAC258}.Release|x86.ActiveCfg = Release|Win32
		{B1A8CAC0-1FCA-4645-8FA1-691D20BAC258}.Release|x86.Build.0 = Release|Win32
		{8431E649-A615-44FA-B2E3-390DFE005102}.Debug|x64.ActiveCfg = Debug|x64
		{8431E649-A615-44FA-B2E3-390DFE005102}.Debug|x64.Build.0 = Debug|x64
		{8431E649-A615-44FA-B2E3-390DFE005102}.Debug|x86.ActiveCfg = Debug|Win32
		{8431E649-A615-44FA-B2E3-390DFE005102}.Debug|x86.Build.0 = Debug|Win32
		{8431E649-A615-44FA-B2E3-390DFE005102}.Release|x64.ActiveCfg = Release|x64
		{8431E649-A615-44FA-B2E3-390DFE005102}.Release|x64.Build.0 = Release|x64
		{8431E649-A615-44FA-B2E3-390DFE005102}.Release|x86.ActiveCfg = Release|Win32
		{8431E649-A615-44FA-B2E3-390DFE005102}.Release|x86.Build.0 = Release|Win32
		{8E9A9F3F-0BAA-4F38-80B0-1B0D276B2A69}.Debug|x64.ActiveCfg = Debug|x64
		{8E9A9F3F-0BAA-4F38-80B0-1B0D276B2A69}.Debug|x64.Build.0 = Debug|x64
		{8E9A9F3F-0BAA-4F38-80B0-1B0D276B2A69}.Debug|x86.ActiveCfg = Debug|Win32
		{8E9A9F3F-0BAA-4F38-80B0-1B0D276B2A69}.Debug|x86.Build.0 = Debug|Win32
		{8E9A9F3F-0BAA-4F38-80B0-1B0D276B2A69}.Release|x64.ActiveCfg = Release|x64
		{8E9A9F3F-0BAA-4F38-80B0-1B0D276B2A69}.Release|x64.Build.0 = Release|x64
		{8E9A9F3F-0BAA-4F38-80B0-1B0D276B2A69}.Release|x86.ActiveCfg = Release|Win32
		{8E9A9F3F-0BAA-4F38-80B0-1B0D276B2A69}.Release|x86.Build.0 = Release|Win32
		{1EACB5B4-10B0-422C-BEC5-7220F05557ED}.Debug|x64.ActiveCfg = Debug|x64
		{1EACB5B4-10B0-422C-BEC5-7220F05557ED}.Debug|x64.Build.0 = Debug|x64
		{1EACB5B4-10B0-422C-BEC5-7220F05557ED}.Debug|x86.ActiveCfg = Debug|Win32
		{1EACB5B4-10B0-422C-BEC5-7220F05557ED}.Debug|x86.Build.0 = Debug|Win32
		{1EACB5B4-10B0-422C-BEC5-7220F05557ED}.Release|x64.ActiveCfg = Release|x64
		{1EACB5B4-10B0-422C-BEC5-7220F05557ED}.Release|x64.Build.0 = Release|x64
		{1EACB5B4-10B0-422C-BEC5-7220F05557ED}.Release|x86.ActiveCfg = Release|Win32
		{1EACB5B4-10B0-422C-BEC5-7220F05557ED}.Release|x86.Build.0 = Release|Win32
		{CE31DC13-E4E5-42C5-9AC0-0BDDE580BB1D}.Debug|x64.ActiveCfg = Debug|x64
		{CE31DC13-E4E5-42C5-9AC0-0BDDE580BB1D}.Debug|x64.Build.0 = Debug|x64
		{CE31DC13-E4E5-42C5-9AC0-0BDDE580BB1D}.Debug|x86.ActiveCfg = Debug|Win32
		{CE31DC13-E4E5-42C5-9AC0-0BDDE580BB1D}.Debug|x86.Build.0 = Debug|Win32
		{CE31DC13-E4E5-42C5-9AC0-0BDDE580BB1D}.Release|x64.ActiveCfg = Release|x64
		{CE31DC13-E4E5-42C5-9AC0-0BDDE580BB1D}.Release|x64.Build.0 = Release|x64
		{CE31DC13-E4E5-42C5-9AC0-0BDDE580BB1D}.Release|x86.ActiveCfg = Release|Win32
		{CE31DC13-E4E5-42C5-9AC0-0BDDE580BB1D}.Release|x86.Build.0 = Release|Win32
		{1764B4B5-4A46-4D01-BC88-D3F1699AA5D4}.Debug|x64.ActiveCfg = Debug|x64
		{1764B4B5-4A46-4D01-BC88-D3F1699AA5D4}.Debug|x64.Build.0 = Debug|x64
		{1764B4B5-4A46-4D01-BC88-D3F1699AA5D4}.Debug|x86.ActiveCfg = Debug|Win32
		{1764B4B5-4A46-4D01-BC88-D3F1699AA5D4}.Debug|x86.Build.0 = Debug|Win32
		{1764B4B5-4A46-4D01-BC88-D3F1699AA5D4}.Release|x64.ActiveCfg = Release|x64
		{1764B4B5-4A46-4D01-BC88-D3F1699AA5D4}.Release|x64.Build.0 = Release|x64
		{1764B4B5-4A46-4D01-BC88-D3F1699AA5D4}.Release|x86.ActiveCfg = Release|Win32
		{1764B4B5-4A46-4D01-BC88-D3F1699AA5D4}.Release|x86.Build.0 = Release|Win32
		{7DD46191-9F99-408F-AF27-014C39025AC7}.Debug|x64.ActiveCfg = Debug|x64
		{7DD46191-9F99-408F-AF27-014C39025AC7}.Debug|x64.Build.0 = Debug|x64
		{7DD46191-9F99-408F-AF27-014C39025AC7}.Debug|x86.ActiveCfg = Debug|Win32
		{7DD46191-9F99-408F-AF27-014C39025AC7}.Debug|x86.Build.0 = Debug|Win32
		{7DD46191-9F99-408F-AF27-014C39025AC7}.Release|x64.ActiveCfg = Release|x64
		{7DD46191-9F99-408F-AF27-014C39025AC7}.Release|x64.Build.0 = Release|x64
		{7DD46191-9F99-408F-AF27-014C39025AC7}.Release|x86.ActiveCfg = Release|Win32
		{7DD46191-9F99-408F-AF27-014C39025AC7}.Release|x86.Build.0 = Release|Win32
		{574464D4-5E7A-4CE3-8742-EE144A5A3457}.Debug|x64.ActiveCfg = Debug|x64
		{574464D4-5E7A-4CE3-8742-EE144A5A3457}.Debug|x64.Build.0 = Debug|x64
		{574464D4-5E7A-4CE3-8742-EE144A5A3457}.Debug|x86.ActiveCfg = Debug|Win32
		{574464D4-5E7A-4CE3-8742-EE144A5A3457}.Debug|x86.Build.0 = Debug|Win32
		{574464D4-5E7A-4CE3-8742-EE144A5A3457}.Release|x64.ActiveCfg = Release|x64
		{574464D4-5E7A-4CE3-8742-EE144A5A3457}.Release|x64.Build.0 = Release|x64
		{574464D4-5E7A-4CE3-8742-EE144A5A3457}.Release|x86.ActiveCfg = Release|Win32
		{574464D4-5E7A-4CE3-8742-EE144A5A3457}.Release|x86.Build.0 = Release|Win32
		{A3AF5917-8B49-4B35-9DD8-907AB83BB22A}.Debug|x64.ActiveCfg = Debug|x64
		{A3AF5917-8B49-4B35-9DD8-907AB83BB22A}.Debug|x64.Build.0 = Debug|x64
		{A3AF5917-8B49-4B35-9DD8-907AB83BB22A}.Debug|x86.ActiveCfg = Debug|Win32
		{A3AF5917-8B49-4B35-9DD8-907AB83BB22A}.Debug|x86.Build.0 = Debug|Win32
		{A3AF5917-8B49-4B35-9DD8-907AB83BB22A}.Release|x64.ActiveCfg = Release|x64
		{A3AF5917-8B49-4B35-9DD8-907AB83BB22A}.Release|x64.Build.0 = Release|x64
		{A3AF5917-8B49-4B35-9DD8-907AB83BB22A}.Release|x86.ActiveCfg = Release|Win32
		{A3AF5917-8B49-4B35-9DD8-907AB83BB22A}.Release|x86.Build.0 = Release|Win32
		{84666AB3-13C3-4726-BB3A-175F272D6A96}.Debug|x64.ActiveCfg = Debug|x64
		{84666AB3-13C3-4726-BB3A-175F272D6A96}.Debug|x64.Build.0 = Debug|x64
		{84666AB3-13C3-4726-BB3A-175F272D6A96}.Debug|x86.ActiveCfg = Debug|Win32
		{84666AB3-13C3-4726-BB3A-175F272D6A96}.Debug|x86.Build.0 = Debug|Win32
		{84666AB3-13C3-4726-BB3A-175F272D6A96}.Release|x64.ActiveCfg = Release|x64
		{84666AB3-13C3-4726-BB3A-175F272D6A96}.Release|x64.Build.0 = Release|x64
		{84666AB3-13C3-4726-BB3A-175F272D6A96}.Release|x86.ActiveCfg = Release|Win32
		{84666AB3-13C3-4726-BB3A-175F272D6A96}.Release|x86.Build.0 = Release|Win32
		{2069410A-FA47-4A04-A531-023AE9A626F9}.Debug|x64.ActiveCfg = Debug|x64
		{2069410A-FA47-4A04-A531-023AE9A626F9}.Debug|x64.Build.0 = Debug|x64
		{2069410A-FA47-4A04-A531-023AE9A626F9}.Debug|x86.ActiveCfg = Debug|Win32
		{2069410A-FA47-4A04-A531-023AE9A626F9}.Debug|x86.Build.0 = Debug|Win32
		{2069410A-FA47-4A04-A531-023AE9A626F9}.Release|x64.ActiveCfg = Release|x64
		{2069410A-FA47-4A04-A531-023AE9A626F9}.Release|x64.Build.0 = Release|x64
		{2069410A-FA47-4A04-A531-023AE9A626F9}.Release|x86.ActiveCfg = Release|Win32
		{2069410A-FA47-4A04-A531-023AE9A626F9}.Release|x86.Build.0 = Release|Win32
		{B30503E0-A967-4581-809B-DDA8057DC9C2}.Debug|x64.ActiveCfg = Debug|x64
		{B30503E0-A967-4581-809B-DDA8057DC9C2}.Debug|x64.Build.0 = Debug|x64
		{B30503E0-A967-4581-809B-DDA8057DC9C2}.Debug|x86.ActiveCfg = Debug|Win32
		{B30503E0-A967-4581-809B-DDA8057DC9C2}.Debug|x86.Build.0 = Debug|Win32
		{B30503E0-A967-4581-809B-DDA8057DC9C2}.Release|x64.ActiveCfg = Release|x64
		{B30503E0-A967-4581-809B-DDA8057DC9C2}.Release|x64.Build.0 = Release|x64
		{B30503E0-A967-4581-809B-DDA8057DC9C2}.Release|x86.ActiveCfg = Release|Win32
		{B30503E0-A967-4581-809B-DDA8057DC9C2}.Release|x86.Build.0 = Release|Win32
		{7CD648F5-29D5-4A22-B6B3-B7547411FC3B}.Debug|x64.ActiveCfg = Debug|x64
		{7CD648F5-29D5-4A22-B6B3-B7547411FC3B}.Debug|x64.Build.0 = Debug|x64
		{7CD648F5-29D5-4A22-B6B3-B7547411FC3B}.Debug|x86.ActiveCfg = Debug|Win32
		{7CD648F5-29D5-4A22-B6B3-B7547411FC3B}.Debug|x86.Build.0 = Debug|Win32
		{7CD648F5-29D5-4A22-B6B3-B7547411FC3B}.Release|x64.ActiveCfg = Release|x64
		{7CD648F5-29D5-4A22-B6B3-B7547411FC3B}.Release|x64.Build.0 = Release|x64
		{7CD648F5-29D5-4A22-B6B3-B7547411FC3B}.Release|x86.ActiveCfg = Release|Win32
		{7CD648F5-29D5-4A22-B6B3-B7547411FC3B}.Release|x86.Build.0 = Release|Win32
		{78D74887-1885-4E42-AB42-A06E9BEB0240}.Debug|x64.ActiveCfg = Debug|x64
		{78D74887-1885-4E42-AB42-A06E9BEB0240}.Debug|x64.Build.0 = Debug|x64
		{78D74887-1885-4E42-AB42-A06E9BEB0240}.Debug|x86.ActiveCfg = Debug|Win32
		{78D74887-1885-4E42-AB42-A06E9BEB0240}.Debug|x86.Build.0 = Debug|Win32
		{78D74887-1885-4E42-AB42-A06E9BEB0240}.Release|x64.ActiveCfg = Release|x64
		{78D74887-1885-4E42-AB42-A06E9BEB0240}.Release|x64.Build.0 = Release|x64
		{78D74887-1885-4E42-AB42-A06E9BEB0240}.Release|x86.ActiveCfg = Release|Win32
		{78D74887-1885-4E42-AB42-A06E9BEB0240}.Release|x86.Build.0 = Release|Win32
		{6A9C48DF-EE70-4A55-A46C-A823637549C1}.Debug|x64.ActiveCfg = Debug|x64
		{6A9C48DF-EE70-4A55-A46C-A823637549C1}.Debug|x64.Build.0 = Debug|x64
		{6A9C48DF-EE70-4A55-A46C-A823637549C1}.Debug|x86.ActiveCfg = Debug|Win32
		{6A9C48DF-EE70-4A55-A46C-A823637549C1}.Debug|x86.Build.0 = Debug|Win32
		{6A9C48DF-EE70-4A55-A46C-A823637549C1}.Release|x64.ActiveCfg = Release|x64
		{6A9C48DF-EE70-4A55-A46C-A823637549C1}.Release|x64.Build.0 = Release|x64
		{6A9C48DF-EE70-4A55-A46C-A823637549C1}.Release|x86.ActiveCfg = Release|Win32
		{6A9C48DF-EE70-4A55-A46C-A823637549C1}.Release|x86.Build.0 = Release|Win32
		{D233FDD6-DEFF-465F-A5F7-3E45E22BF329}.Debug|x64.ActiveCfg = Debug|x64
		{D233FDD6-DEFF-465F-A5F7-3E45E22BF329}.Debug|x64.Build.0 = Debug|x64
		{D233FDD6-DEFF-465F-A5F7-3E45E22BF329}.Debug|x86.ActiveCfg = Debug|Win32
		{D233FDD6-DEFF-465F-A5F7-3E45E22BF329}.Debug|x86.Build.0 = Debug|Win32
		{D233FDD6-DEFF-465F-A5F7-3E45E22BF329}.Release|x64.ActiveCfg = Release|x64
		{D233FDD6-DEFF-465F-A5F7-3E45E22BF329}.Release|x64.Build.0 = Release|x64
		{D233FDD6-DEFF-465F-A5F7-3E45E22BF329}.Release|x86.ActiveCfg = Release|Win32
		{D233FDD6-DEFF-465F-A5F7-3E45E22BF329}.Release|x86.Build.0 = Release|Win32
		{66886585-7EB9-4C89-B868-8B072DF70202}.Debug|x64.ActiveCfg = Debug|x64
		{66886585-7EB9-4C89-B868-8B072DF70202}.Debug|x64.Build.0 = Debug|x64
		{66886585-7EB9-4C89-B868-8B072DF70202}.Debug|x86.ActiveCfg = Debug|Win32
		{66886585-7EB9-4C89-B868-8B072DF70202}.Debug|x86.Build.0 = Debug|Win32
		{66886585-7EB9-4C89-B868-8B072DF70202}.Release|x64.ActiveCfg = Release|x64
		{66886585-7EB9-4C89-B868-8B072DF70202}.Release|x64.Build.0 = Release|x64
		{66886585-7EB9-4C89-B868-8B072DF70202}.Release|x86.ActiveCfg = Release|Win32
		{66886585-7EB9-4C89-B868-8B072DF70202}.Release|x86.Build.0 = Release|Win32
		{DEE0A7AA-BB00-4AB7-90F5-2618E850FA81}.Debug|x64.ActiveCfg = Debug|x64
		{DEE0A7AA-BB00-4AB7-90F5-2618E850FA81}.Debug|x64.Build.0 = Debug|x64
		{DEE0A7AA-BB00-4AB7-90F5-2618E850FA81}.Debug|x86.ActiveCfg = Debug|Win32
		{DEE0A7AA-BB00-4AB7-90F5-2618E850FA81}.Debug|x86.Build.0 = Debug|Win32
		{DEE0A7AA-BB00-4AB7-90F5-2618E850FA81}.Release|x64.ActiveCfg = Release|x64
		{DEE0A7AA-BB00-4AB7-90F5-2618E850FA81}.Release|x64.Build.0 = Release|x64
		{DEE0A7AA-BB00-4AB7-90F5-2618E850FA81}.Release|x86.ActiveCfg = Release|Win32
		{DEE0A7AA-BB00-4AB7-90F5-2618E850FA81}.Release|x86.Build.0 = Release|Win32
		{F5C9CE20-C5DA-433A-B577-D6F1CE83F44C}.Debug|x64.ActiveCfg = Debug|x64
		{F5C9CE20-C5DA-433A-B577-D6F1CE83F44C}.Debug|x64.Build.0 = Debug|x64
		{F5C9CE20-C5DA-433A-B577-D6F1CE83F44C}.Debug|x86.ActiveCfg = Debug|Win32
		{F5C9CE20-C5DA-433A-B577-D6F1CE83F44C}.Debug|x86.Build.0 = Debug|Win32
		{F5C9CE20-C5DA-433A-B577-D6F1CE83F44C}.Release|x64.ActiveCfg = Release|x64
		{F5C9CE20-C5DA-433A-B577-D6F1CE83F44C}.Release|x64.Build.0 = Release|x64
		{F5C9CE20-C5DA-433A-B577-D6F1CE83F44C}.Release|x86.ActiveCfg = Release|Win32
		{F5C9CE20-C5DA-433A-B577-D6F1CE83F44C}.Release|x86.Build.0 = Release|Win32
		{AFDDF05F-5234-4925-8899-BA7ED6FDAE28}.Debug|x64.ActiveCfg = Debug|x64
		{AFDDF05F-5234-4925-8899-BA7ED6FDAE28}.Debug|x64.Build.0 = Debug|x64
		{AFDDF05F-5234-4925-8899-BA7ED6FDAE28}.Debug|x86.ActiveCfg = Debug|Win32
		{AFDDF05F-5234-4925-8899-BA7ED6FDAE28}.Debug|x86.Build.0 = Debug|Win32
		{AFDDF05F-5234-4925-8899-BA7ED6FDAE28}.Release|x64.ActiveCfg = Release|x64
		{AFDDF05F-5234-4925-8899-BA7ED6FDAE28}.Release|x64.Build.0 = Release|x64
		{AFDDF05F-5234-4925-8899-BA7ED6FDAE28}.Release|x86.ActiveCfg = Release|Win32
		{AFDDF05F-5234-4925-8899-BA7ED6FDAE28}.Release|x86.Build.0 = Release|Win32
		{1E932C0F-4F97-4AE5-8CA5-ED9EEE368CB1}.Debug|x64.ActiveCfg = Debug|x64
		{1E932C0F-4F97-4AE5-8CA5-ED9EEE368CB1}.Debug|x64.Build.0 = Debug|x64
		{1E932C0F-4F97-4AE5-8CA5-ED9EEE368CB1}.Debug|x86.ActiveCfg = Debug|Win32
		{1E932C0F-4F97-4AE5-8CA5-ED9EEE368CB1}.Debug|x86.Build.0 = Debug|Win32
		{1E932C0F-4F97-4AE5-8CA5-ED9EEE368CB1}.Release|x64.ActiveCfg = Release|x64
		{1E932C0F-4F97-4AE5-8CA5-ED9EEE368CB1}.Release|x64.Build.0 = Release|x64
		{1E932C0F-4F97-4AE5-8CA5-ED9EEE368CB1}.Release|x86.ActiveCfg = Release|Win32
		{1E932C0F-4F97-4AE5-8CA5-ED9EEE368CB1}.Release|x86.Build.0 = Release|Win32
		{CA57CE1E-8CD0-45F9-950B-29FEAC86D248}.Debug|x64.ActiveCfg = Debug|x64
		{CA57CE1E-8CD0-45F9-950B-29FEAC86D248}.Debug|x64.Build.0 = Debug|x64
		{CA57CE1E-8CD0-45F9-950B-29FEAC86D248}.Debug|x86.ActiveCfg = Debug|Win32
		{CA57CE1E-8CD0-45F9-950B-29FEAC86D248}.Debug|x86.Build.0 = Debug|Win32
		{CA57CE1E-8CD0-45F9-950B-29FEAC86D248}.Release|x64.ActiveCfg = Release|x64
		{CA57CE1E-8CD0-45F9-950B-29FEAC86D248}.Release|x64.Build.0 = Release|x64
		{CA57CE1E-8CD0-45F9-950B-29FEAC86D248}.Release|x86.ActiveCfg = Release|Win32
		{CA57CE1E-8CD0-45F9-950B-29FEAC86D248}.Release|x86.Build.0 = Release|Win32
		{7ADA8FDC-38B0-41F4-BA88-1C79C8C9CDCB}.Debug|x64.ActiveCfg = Debug|x64
		{7ADA8FDC-38B0-41F4-BA88-1C79C8C9CDCB}.Debug|x64.Build.0 = Debug|x64
		{7ADA8FDC-38B0-41F4-BA88-1C79C8C9CDCB}.Debug|x86.ActiveCfg = Debug|Win32
		{7ADA8FDC-38B0-41F4-BA88-1C79C8C9CDCB}.Debug|x86.Build.0 = Debug|Win32
		{7ADA8FDC-38B0-41F4-BA88-1C79C8C9CDCB}.Release|x64.ActiveCfg = Release|x64
		{7ADA8FDC-38B0-41F4-BA88-1C79C8C9CDCB}.Release|x64.Build.0 = Release|x64
		{7ADA8FDC-38B0-41F4-BA88-1C79C8C9CDCB}.Release|x86.ActiveCfg = Release|Win32
		{7ADA8FDC-38B0-41F4-BA88-1C79C8C9CDCB}.Release|x86.Build.0 = Release|Win32
		{C163D28E-C975-4BA3-B202-E27AE0A332CA}.Debug|x64.ActiveCfg = Debug|x64
		{C163D28E-C975-4BA3-B202-E27AE0A332CA}.Debug|x64.Build.0 = Debug|x64
		{C163D28E-C975-4BA3-B202-E27AE0A332CA}.Debug|x86.ActiveCfg = Debug|Win32
		{C163D28E-C975-4BA3-B202-E27AE0A332CA}.Debug|x86.Build.0 = Debug|Win32
		{C163D28E-C975-4BA3-B202-E27AE0A332CA}.Release|x64.ActiveCfg = Release|x64
		{C163D28E-C975-4BA3-B202-E27AE0A332CA}.Release|x64.Build.0 = Release|x64
		{C163D28E-C975-4BA3-B202-E27AE0A332CA}.Release|x86.ActiveCfg = Release|Win32
		{C163D28E-C975-4BA3-B202-E27AE0A332CA}.Release|x86.Build.0 = Release|Win32
		{D2792A98-3684-4D4E-B515-1E63AB05D1C9}.Debug|x64.ActiveCfg = Debug|x64
		{D2792A98-3684-4D4E-B515-1E63AB05D1C9}.Debug|x64.Build.0 = Debug|x64
		{D2792A98-3684-4D4E-B515-1E63AB05D1C9}.Debug|x86.ActiveCfg = Debug|Win32
		{D2792A98-3684-4D4E-B515-1E63AB05D1C9}.Debug|x86.Build.0 = Debug|Win32
		{D2792A98-3684-4D4E-B515-1E63AB05D1C9}.Release|x64.ActiveCfg = Release|x64
		{D2792A98-3684-4D4E-B515-1E63AB05D1C9}.Release|x64.Build.0 = Release|x64
		{D2792A98-3684-4D4E-B515-1E63AB05D1C9}.Release|x86.ActiveCfg = Release|Win32
		{D2792A98-3684-4D4E-B515-1E63AB05D1C9}.Release|x86.Build.0 = Release|Win32
		{0E13A235-269E-4FA4-83E0-B82C37B99178}.Debug|x64.ActiveCfg = Debug|x64
		{0E13A235-269E-4FA4-83E0-B82C37B99178}.Debug|x64.Build.0 = Debug|x64
		{0E13A235-269E-4FA4-83E0-B82C37B99178}.Debug|x86.ActiveCfg = Debug|Win32
		{0E13A235-269E-4FA4-83E0-B82C37B99178}.Debug|x86.Build.0 = Debug|Win32
		{0E13A235-269E-4FA4-83E0-B82C37B99178}.Release|x64.ActiveCfg = Release|x64
		{0E13A235-269E-4FA4-83E0-B82C37B99178}.Release|x64.Build.0 = Release|x64
		{0E13A235-269E-4FA4-83E0-B82C37B99178}.Release|x86.ActiveCfg = Release|Win32
		{0E13A235-269E-4FA4-83E0-B82C37B99178}.Release|x86.Build.0 = Release|Win32
		{84B04686-7B40-4139-8947-FD9026CF508A}.Debug|x64.ActiveCfg = Debug|x64
		{84B04686-7B40-4139-8947-FD9026CF508A}.Debug|x64.Build.0 = Debug|x64
		{84B04686-7B40-4139-8947-FD9026CF508A}.Debug|x86.ActiveCfg = Debug|Win32
		{84B04686-7B40-4139-8947-FD9026CF508A}.Debug|x86.Build.0 = Debug|Win32
		{84B04686-7B40-4139-8947-FD9026CF508A}.Release|x64.ActiveCfg = Release|x64
		{84B04686-7B40-4139-8947-FD9026CF508A}.Release|x64.Build.0 = Release|x64
		{84B04686-7B40-4139-8947-FD9026CF508A}.Release|x86.ActiveCfg = Release|Win32
		{84B04686-7B40-4139-8947-FD9026CF508A}.Release|x86.Build.0 = Release|Win32
		{462C7A9A-DBBF-40EE-8C3E-607E4B6C4585}.Debug|x64.ActiveCfg = Debug|x64
		{462C7A9A-DBBF-40EE-8C3E-607E4B6C4585}.Debug|x64.Build.0 = Debug|x64
		{462C7A9A-DBBF-40EE-8C3E-607E4B6C4585}.Debug|x86.ActiveCfg = Debug|Win32
		{462C7A9A-DBBF-40EE-8C3E-607E4B6C4585}.Debug|x86.Build.0 = Debug|Win32
		{462C7A9A-DBBF-40EE-8C3E-607E4B6C4585}.Release|x64.ActiveCfg = Release|x64
		{462C7A9A-DBBF-40EE-8C3E-607E4B6C4585}.Release|x64.Build.0 = Release|x64
		{462C7A9A-DBBF-40EE-8C3E-607E4B6C4585}.Release|x86.ActiveCfg = Release|Win32
		{462C7A9A-DBBF-40EE-8C3E-607E4B6C4585}.Release|x86.Build.0 = Release|Win32
		{13414EEE-F644-46F2-A640-836A9AA8C6BF}.Debug|x64.ActiveCfg = Debug|x64
		{13414EEE-F644-46F2-A640-836A9AA8C6BF}.Debug|x64.Build.0 = Debug|x64
		{13414EEE-F644-46F2-A640-836A9AA8C6BF}.Debug|x86.ActiveCfg = Debug|Win32
		{13414EEE-F644-46F2-A640-836A9AA8C6BF}.Debug|x86.Build.0 = Debug|Win32
		{13414EEE-F644-46F2-A640-836A9AA8C6BF}.Release|x64.ActiveCfg = Release|x64
		{13414EEE-F644-46F2-A640-836A9AA8C6BF}.Release|x64.Build.0 = Release|x64
		{13414EEE-F644-46F2-A640-836A9AA8C6BF}.Release|x86.ActiveCfg = Release|Win32
		{13414EEE-F644-46F2-A640-836A9AA8C6BF}.Release|x86.Build.0 = Release|Win32
		{B2F02CCB-5268-4230-878C-C492C0671436}.Debug|x64.ActiveCfg = Debug|x64
		{B2F02CCB-5268-4230-878C-C492C0671436}.Debug|x64.Build.0 = Debug|x64
		{B2F02CCB-5268-4230-878C-C492C0671436}.Debug|x86.ActiveCfg = Debug|Win32
		{B2F02CCB-5268-4230-878C-C492C0671436}.Debug|x86.Build.0 = Debug|Win32
		{B2F02CCB-5268-4230-878C-C492C0671436}.Release|x64.ActiveCfg = Release|x64
		{B2F02CCB-5268-4230-878C-C492C0671436}.Release|x64.Build.0 = Release|x64
		{B2F02CCB-5268-4230-878C-C492C0671436}.Release|x86.ActiveCfg = Release|Win32
		{B2F02CCB-5268-4230-878C-C492C0671436}.Release|x86.Build.0 = Release|Win32
		{612C974D-CA42-4D6D-A3AC-7474501C846C}.Debug|x64.ActiveCfg = Debug|x64
		{612C974D-CA42-4D6D-A3AC-7474501C846C}.Debug|x64.Build.0 = Debug|x64
		{612C974D-CA42-4D6D-A3AC-7474501C846C}.Debug|x86.ActiveCfg = Debug|Win32
		{612C974D-CA42-4D6D-A3AC-7474501C846C}.Debug|x86.Build.0 = Debug|Win32
		{612C974D-CA42-4D6D-A3AC-7474501C846C}.Release|x64.ActiveCfg = Release|x64
		{612C974D-CA42-4D6D-A3AC-7474501C846C}.Release|x64.Build.0 = Release|x64
		{612C974D-CA42-4D6D-A3AC-7474501C846C}.Release|x86.ActiveCfg = Release|Win32
		{612C974D-CA42-4D6D-A3AC-7474501C846C}.Release|x86.Build.0 = Release|Win32
		{77B9028A-01AA-402F-97F2-140AB3AE8509}.Debug|x64.ActiveCfg = Debug|x64
		{77B9028A-01AA-402F-97F2-140AB3AE8509}.Debug|x64.Build.0 = Debug|x64
		{77B9028A-01AA-402F-97F2-140AB3AE8509}.Debug|x86.ActiveCfg = Debug|Win32
		{77B9028A-01AA-402F-97F2-140AB3AE8509}.Debug|x86.Build.0 = Debug|Win32
		{77B9028A-01AA-402F-97F2-140AB3AE8509}.Release|x64.ActiveCfg = Release|x64
		{77B9028A-01AA-402F-97F2-140AB3AE8509}.Release|x64.Build.0 = Release|x64
		{77B9028A-01AA-402F-97F2-140AB3AE8509}.Release|x86.ActiveCfg = Release|Win32
		{77B9028A-01AA-402F-97F2-140AB3AE8509}.Release|x86.Build.0 = Release|Win32
		{59A823EE-C1B1-4250-8223-8560587F7FB4}.Debug|x64.ActiveCfg = Debug|x64
		{59A823EE-C1B1-4250-8223-8560587F7FB4}.Debug|x64.Build.0 = Debug|x64
		{59A823EE-C1B1-4250-8223-8560587F7FB4}.Debug|x86.ActiveCfg = Debug|Win32
		{59A823EE-C1B1-4250-8223-8560587F7FB4}.Debug|x86.Build.0 = Debug|Win32
		{59A823EE-C1B1-4250-8223-8560587F7FB4}.Release|x64.ActiveCfg = Release|x64
		{59A823EE-C1B1-4250-8223-8560587F7FB4}.Release|x64.Build.0 = Release|x64
		{59A823EE-C1B1-4250-8223-8560587F7FB4}.Release|x86.ActiveCfg = Release|Win32
		{59A823EE-C1B1-4250-8223-8560587F7FB4}.Release|x86.Build.0 = Release|Win32
		{95039B45-E572-487A-9A51-47BEE10AEAF6}.Debug|x64.ActiveCfg = Debug|x64
		{95039B45-E572-487A-9A51-47BEE10AEAF6}.Debug|x64.Build.0 = Debug|x64
		{95039B45-E572-487A-9A51-47BEE10AEAF6}.Debug|x86.ActiveCfg = Debug|Win32
		{95039B45-E572-487A-9A51-47BEE10AEAF6}.Debug|x86.Build.0 = Debug|Win32
		{95039B45-E572-487A-9A51-47BEE10AEAF6}.Release|x64.ActiveCfg = Release|x64
		{95039B45-E572-487A-9A51-47BEE10AEAF6}.Release|x64.Build.0 = Release|x64
		{95039B45-E572-487A-9A51-47BEE10AEAF6}.Release|x86.ActiveCfg = Release|Win32
		{95039B45-E572-487A-9A51-47BEE10AEAF6}.Release|x86.Build.0 = Release|Win32
		{38D6EC2F-968D-4E29-AA7E-08CC7322885F}.Debug|x64.ActiveCfg = Debug|x64
		{38D6EC2F-968D-4E29-AA7E-08CC7322885F}.Debug|x64.Build.0 = Debug|x64
		{38D6EC2F-968D-4E29-AA7E-08CC7322885F}.Debug|x86.ActiveCfg = Debug|Win32
		{38D6EC2F-968D-4E29-AA7E-08CC7322885F}.Debug|x86.Build.0 = Debug|Win32
		{38D6EC2F-968D-4E29-AA7E-08CC7322885F}.Release|x64.ActiveCfg = Release|x64
		{38D6EC2F-968D-4E29-AA7E-08CC7322885F}.Release|x64.Build.0 = Release|x64
		{38D6EC2F-968D-4E29-AA7E-08CC7322885F}.Release|x86.ActiveCfg = Release|Win32
		{38D6EC2F-968D-4E29-AA7E-08CC7322885F}.Release|x86.Build.0 = Release|Win32
		{B43AB742-9CF6-4C33-BF99-0E9376AF4ACD}.Debug|x64.ActiveCfg = Debug|x64
		{B43AB742-9CF6-4C33-BF99-0E9376AF4ACD}.Debug|x64.Build.0 = Debug|x64
		{B43AB742-9CF6-4C33-BF99-0E9376AF4ACD}.Debug|x86.ActiveCfg = Debug|Win32
		{B43AB742-9CF6-4C33-BF99-0E9376AF4ACD}.Debug|x86.Build.0 = Debug|Win32
		{B43AB742-9CF6-4C33-BF99-0E9376AF4ACD}.Release|x64.ActiveCfg = Release|x64
		{B43AB742-9CF6-4C33-BF99-0E9376AF4ACD}.Release|x64.Build.0 = Release|x64
		{B43AB742-9CF6-4C33-BF99-0E9376AF4ACD}.Release|x86.ActiveCfg = Release|Win32
		{B43AB742-9CF6-4C33-BF99-0E9376AF4ACD}.Release|x86.Build.0 = Release|Win32
		{F55E21E8-F457-4547-82D2-FD9443F3ABAE}.Debug|x64.ActiveCfg = Debug|x64
		{F55E21E8-F457-4547-82D2-FD9443F3ABAE}.Debug|x64.Build.0 = Debug|x64
		{F55E21E8-F457-4547-82D2-FD9443F3ABAE}.Debug|x86.ActiveCfg = Debug|Win32
		{F55E21E8-F457-4547-82D2-FD9443F3ABAE}.Debug|x86.Build.0 = Debug|Win32
		{F55E21E8-F457-4547-82D2-FD9443F3ABAE}.Release|x64.ActiveCfg = Release|x64
		{F55E21E8-F457-4547-82D2-FD9443F3ABAE}.Release|x64.Build.0 = Release|x64
		{F55E21E8-F457-4547-82D2-FD9443F3ABAE}.Release|x86.ActiveCfg = Release|Win32
		{F55E21E8-F457-4547-82D2-FD9443F3ABAE}.Release|x86.Build.0 = Release|Win32
		{2205E9A7-F475-4E78-B388-1EC00A2CDD3F}.Debug|x64.ActiveCfg = Debug|x64
		{2205E9A7-F475-4E78-B388-1EC00A2CDD3F}.Debug|x64.Build.0 = Debug|x64
		{2205E9A7-F475-4E78-B388-1EC00A2CDD3F}.Debug|x86.ActiveCfg = Debug|Win32
		{2205E9A7-F475-4E78-B388-1EC00A2CDD3F}.Debug|x86.Build.0 = Debug|Win32
		{2205E9A7-F475-4E78-B388-1EC00A2CDD3F}.Release|x64.ActiveCfg = Release|x64
		{2205E9A7-F475-4E78-B388-1EC00A2CDD3F}.Release|x64.Build.0 = Release|x64
		{2205E9A7-F475-4E78-B388-1EC00A2CDD3F}.Release|x86.ActiveCfg = Release|Win32
		{2205E9A7-F475-4E78-B388-1EC00A2CDD3F}.Release|x86.Build.0 = Release|Win32
		{D8259BFB-F03A-4175-9F05-DEB09CAF60F2}.Debug|x64.ActiveCfg = Debug|x64
		{D8259BFB-F03A-4175-9F05-DEB09CAF60F2}.Debug|x64.Build.0 = Debug|x64
		{D8259BFB-F03A-4175-9F05-DEB09CAF60F2}.Debug|x86.ActiveCfg = Debug|Win32
		{D8259BFB-F03A-4175-9F05-DEB09CAF60F2}.Debug|x86.Build.0 = Debug|Win32
		{D8259BFB-F03A-4175-9F05-DEB09CAF60F2}.Release|x64.ActiveCfg = Release|x64
		{D8259BFB-F03A-4175-9F05-DEB09CAF60F2}.Release|x64.Build.0 = Release|x64
		{D8259BFB-F03A-4175-9F05-DEB09CAF60F2}.Release|x86.ActiveCfg = Release|Win32
		{D8259BFB-F03A-4175-9F05-DEB09CAF60F2}.Release|x86.Build.0 = Release|Win32
		{BE8476D8-732C-4DDD-AF60-83E81B249E09}.Debug|x64.ActiveCfg = Debug|x64
		{BE8476D8-732C-4DDD-AF60-83E81B249E09}.Debug|x64.Build.0 = Debug|x64
		{BE8476D8-732C-4DDD-AF60-83E81B249E09}.Debug|x86.ActiveCfg = Debug|Win32
		{BE8476D8-732C-4DDD-AF60-83E81B249E09}.Debug|x86.Build.0 = Debug|Win32
		{BE8476D8-732C-4DDD-AF60-83E81B249E09}.Release|x64.ActiveCfg = Release|x64
		{BE8476D8-732C-4DDD-AF60-83E81B249E09}.Release|x64.Build.0 = Release|x64
		{BE8476D8-732C-4DDD-AF60-83E81B249E09}.Release|x86.ActiveCfg = Release|Win32
		{BE8476D8-732C-4DDD-AF60-83E81B249E09}.Release|x86.Build.0 = Release|Win32
		{1D108A17-BACB-45AB-9EE4-678447A1423F}.Debug|x64.ActiveCfg = Debug|x64
		{1D108A17-BACB-45AB-9EE4-678447A1423F}.Debug|x64.Build.0 = Debug|x64
		{1D108A17-BACB-45AB-9EE4-678447A1423F}.Debug|x86.ActiveCfg = Debug|Win32
		{1D108A17-BACB-45AB-9EE4-678447A1423F}.Debug|x86.Build.0 = Debug|Win32
		{1D108A17-BACB-45AB-9EE4-678447A1423F}.Release|x64.ActiveCfg = Release|x64
		{1D108A17-BACB-45AB-9EE4-678447A1423F}.Release|x64.Build.0 = Release|x64
		{1D108A17-BACB-45AB-9EE4-678447A1423F}.Release|x86.ActiveCfg = Release|Win32
		{1D108A17-BACB-45AB-9EE4-678447A1423F}.Release|x86.Build.0 = Release|Win32
		{D000E25B-F901-4F4B-8F0D-DC00718D91AC}.Debug|x64.ActiveCfg = Debug|x64
		{D000E25B-F901-4F4B-8F0D-DC00718D91AC}.Debug|x64.Build.0 = Debug|x64
		{D000E25B-F901-4F4B-8F0D-DC00718D91AC}.Debug|x86.ActiveCfg = Debug|Win32
		{D000E25B-F901-4F4B-8F0D-DC00718D91AC}.Debug|x86.Build.0 = Debug|Win32
		{D000E25B-F901-4F4B-8F0D-DC00718D91AC}.Release|x64.ActiveCfg = Release|x64
		{D000E25B-F901-4F4B-8F0D-DC00718D91AC}.Release|x64.Build.0 = Release|x64
		{D000E25B-F901-4F4B-8F0D-DC00718D91AC}.Release|x86.ActiveCfg = Release|Win32
		{D000E25B-F901-4F4B-8F0D-DC00718D91AC}.Release|x86.Build.0 = Release|Win32
	EndGlobalSection
	GlobalSection(SolutionProperties) = preSolution
		HideSolutionNode = FALSE
	EndGlobalSection
	GlobalSection(ExtensibilityGlobals) = postSolution
		SolutionGuid = {52151557-F76A-4A66-8937-E89E09BCA799}
	EndGlobalSection
EndGlobal
